
Microsoft Visual Studio Solution File, Format Version 12.00
# Visual Studio 15
VisualStudioVersion = 15.0.28307.136
MinimumVisualStudioVersion = 10.0.40219.1
Project("{FAE04EC0-301F-11D3-BF4B-00C04F79EFBC}") = "RevitPlugin", "RevitPlugin\RevitPlugin.csproj", "{66B06B3D-7EDB-4E56-8658-0A4DA58071F2}"
EndProject
Global
	GlobalSection(SolutionConfigurationPlatforms) = preSolution
		Debug|Any CPU = Debug|Any CPU
		Release|Any CPU = Release|Any CPU
	EndGlobalSection
	GlobalSection(ProjectConfigurationPlatforms) = postSolution
		{66B06B3D-7EDB-4E56-8658-0A4DA58071F2}.Debug|Any CPU.ActiveCfg = Debug|Any CPU
		{66B06B3D-7EDB-4E56-8658-0A4DA58071F2}.Debug|Any CPU.Build.0 = Debug|Any CPU
		{66B06B3D-7EDB-4E56-8658-0A4DA58071F2}.Release|Any CPU.ActiveCfg = Release|Any CPU
		{66B06B3D-7EDB-4E56-8658-0A4DA58071F2}.Release|Any CPU.Build.0 = Release|Any CPU
	EndGlobalSection
	GlobalSection(SolutionProperties) = preSolution
		HideSolutionNode = FALSE
	EndGlobalSection
	GlobalSection(ExtensibilityGlobals) = postSolution
		SolutionGuid = {753FE21B-DAF7-457A-A2FC-23D8C8DFAB49}
	EndGlobalSection
EndGlobal
